
Microsoft Visual Studio Solution File, Format Version 12.00
# Visual Studio 14
VisualStudioVersion = 14.0.25420.1
MinimumVisualStudioVersion = 10.0.40219.1
Project("{FAE04EC0-301F-11D3-BF4B-00C04F79EFBC}") = "Messages", "Messages\Messages.csproj", "{771B1407-20B3-4799-B185-36137FB42157}"
EndProject
Project("{FAE04EC0-301F-11D3-BF4B-00C04F79EFBC}") = "BitShiftMatrix", "BitShiftMatrix\BitShiftMatrix.csproj", "{7B2633D8-0A96-410E-93C6-C6EDBABF111E}"
EndProject
Project("{FAE04EC0-301F-11D3-BF4B-00C04F79EFBC}") = "PenguinAirlines", "PenguinAirlines\PenguinAirlines.csproj", "{FFE06A6B-7942-4C3C-9BD5-372B20B25AD3}"
EndProject
Project("{FAE04EC0-301F-11D3-BF4B-00C04F79EFBC}") = "SingingCAts", "SingingCAts\SingingCAts.csproj", "{E5B32FC4-BBEF-4F6F-9081-9DE0DAA1A55F}"
EndProject
Project("{FAE04EC0-301F-11D3-BF4B-00C04F79EFBC}") = "DecodeAndDecrypt", "DecodeAndDecrypt\DecodeAndDecrypt.csproj", "{F70A3DFC-3D3B-49D0-8BF1-BEC4375FE0D1}"
EndProject
Project("{FAE04EC0-301F-11D3-BF4B-00C04F79EFBC}") = "FeaturingWithGrisko", "FeaturingWithGrisko\FeaturingWithGrisko.csproj", "{35C5CFA8-5299-4FB1-9A72-30AEED0EE70A}"
EndProject
Global
	GlobalSection(SolutionConfigurationPlatforms) = preSolution
		Debug|Any CPU = Debug|Any CPU
		Release|Any CPU = Release|Any CPU
	EndGlobalSection
	GlobalSection(ProjectConfigurationPlatforms) = postSolution
		{771B1407-20B3-4799-B185-36137FB42157}.Debug|Any CPU.ActiveCfg = Debug|Any CPU
		{771B1407-20B3-4799-B185-36137FB42157}.Debug|Any CPU.Build.0 = Debug|Any CPU
		{771B1407-20B3-4799-B185-36137FB42157}.Release|Any CPU.ActiveCfg = Release|Any CPU
		{771B1407-20B3-4799-B185-36137FB42157}.Release|Any CPU.Build.0 = Release|Any CPU
		{7B2633D8-0A96-410E-93C6-C6EDBABF111E}.Debug|Any CPU.ActiveCfg = Debug|Any CPU
		{7B2633D8-0A96-410E-93C6-C6EDBABF111E}.Debug|Any CPU.Build.0 = Debug|Any CPU
		{7B2633D8-0A96-410E-93C6-C6EDBABF111E}.Release|Any CPU.ActiveCfg = Release|Any CPU
		{7B2633D8-0A96-410E-93C6-C6EDBABF111E}.Release|Any CPU.Build.0 = Release|Any CPU
		{FFE06A6B-7942-4C3C-9BD5-372B20B25AD3}.Debug|Any CPU.ActiveCfg = Debug|Any CPU
		{FFE06A6B-7942-4C3C-9BD5-372B20B25AD3}.Debug|Any CPU.Build.0 = Debug|Any CPU
		{FFE06A6B-7942-4C3C-9BD5-372B20B25AD3}.Release|Any CPU.ActiveCfg = Release|Any CPU
		{FFE06A6B-7942-4C3C-9BD5-372B20B25AD3}.Release|Any CPU.Build.0 = Release|Any CPU
		{E5B32FC4-BBEF-4F6F-9081-9DE0DAA1A55F}.Debug|Any CPU.ActiveCfg = Debug|Any CPU
		{E5B32FC4-BBEF-4F6F-9081-9DE0DAA1A55F}.Debug|Any CPU.Build.0 = Debug|Any CPU
		{E5B32FC4-BBEF-4F6F-9081-9DE0DAA1A55F}.Release|Any CPU.ActiveCfg = Release|Any CPU
		{E5B32FC4-BBEF-4F6F-9081-9DE0DAA1A55F}.Release|Any CPU.Build.0 = Release|Any CPU
		{F70A3DFC-3D3B-49D0-8BF1-BEC4375FE0D1}.Debug|Any CPU.ActiveCfg = Debug|Any CPU
		{F70A3DFC-3D3B-49D0-8BF1-BEC4375FE0D1}.Debug|Any CPU.Build.0 = Debug|Any CPU
		{F70A3DFC-3D3B-49D0-8BF1-BEC4375FE0D1}.Release|Any CPU.ActiveCfg = Release|Any CPU
		{F70A3DFC-3D3B-49D0-8BF1-BEC4375FE0D1}.Release|Any CPU.Build.0 = Release|Any CPU
		{35C5CFA8-5299-4FB1-9A72-30AEED0EE70A}.Debug|Any CPU.ActiveCfg = Debug|Any CPU
		{35C5CFA8-5299-4FB1-9A72-30AEED0EE70A}.Debug|Any CPU.Build.0 = Debug|Any CPU
		{35C5CFA8-5299-4FB1-9A72-30AEED0EE70A}.Release|Any CPU.ActiveCfg = Release|Any CPU
		{35C5CFA8-5299-4FB1-9A72-30AEED0EE70A}.Release|Any CPU.Build.0 = Release|Any CPU
	EndGlobalSection
	GlobalSection(SolutionProperties) = preSolution
		HideSolutionNode = FALSE
	EndGlobalSection
EndGlobal
